
Microsoft Visual Studio Solution File, Format Version 12.00
# Visual Studio Version 17
VisualStudioVersion = 17.8.34601.278
MinimumVisualStudioVersion = 10.0.40219.1
Project("{2150E333-8FDC-42A3-9474-1A3956D46DE8}") = "Services", "Services", "{0B0E672F-4E8E-4E63-A80F-699BF00AFACB}"
EndProject
Project("{2150E333-8FDC-42A3-9474-1A3956D46DE8}") = "Catalog", "Catalog", "{2910439E-5DDD-4E4B-9AA7-9445D15907C0}"
EndProject
Project("{FAE04EC0-301F-11D3-BF4B-00C04F79EFBC}") = "Catalog.API", "Services\Catalog\Catalog.API\Catalog.API.csproj", "{D510149E-3572-44DE-9111-6593268E7610}"
EndProject
Global
	GlobalSection(SolutionConfigurationPlatforms) = preSolution
		Debug|Any CPU = Debug|Any CPU
		Release|Any CPU = Release|Any CPU
	EndGlobalSection
	GlobalSection(ProjectConfigurationPlatforms) = postSolution
		{D510149E-3572-44DE-9111-6593268E7610}.Debug|Any CPU.ActiveCfg = Debug|Any CPU
		{D510149E-3572-44DE-9111-6593268E7610}.Debug|Any CPU.Build.0 = Debug|Any CPU
		{D510149E-3572-44DE-9111-6593268E7610}.Release|Any CPU.ActiveCfg = Release|Any CPU
		{D510149E-3572-44DE-9111-6593268E7610}.Release|Any CPU.Build.0 = Release|Any CPU
	EndGlobalSection
	GlobalSection(SolutionProperties) = preSolution
		HideSolutionNode = FALSE
	EndGlobalSection
	GlobalSection(NestedProjects) = preSolution
		{2910439E-5DDD-4E4B-9AA7-9445D15907C0} = {0B0E672F-4E8E-4E63-A80F-699BF00AFACB}
		{D510149E-3572-44DE-9111-6593268E7610} = {2910439E-5DDD-4E4B-9AA7-9445D15907C0}
	EndGlobalSection
	GlobalSection(ExtensibilityGlobals) = postSolution
		SolutionGuid = {E3D60BF2-2029-4C33-B00A-36D6CE8C7F9A}
	EndGlobalSection
EndGlobal
